
Microsoft Visual Studio Solution File, Format Version 12.00
# Visual Studio Version 17
VisualStudioVersion = 17.2.32630.192
MinimumVisualStudioVersion = 10.0.40219.1
Project("{9A19103F-16F7-4668-BE54-9A1E7A4F7556}") = "DevOps_App", "DevOps_App\DevOps_App.csproj", "{5B587B71-C095-4AE6-8D93-93735D7121FE}"
EndProject
Project("{9A19103F-16F7-4668-BE54-9A1E7A4F7556}") = "DevOps_App.Tests", "DevOps_App.Tests\DevOps_App.Tests.csproj", "{AB64CB07-372C-48FB-A934-BF82A7C26F25}"
EndProject
Global
	GlobalSection(SolutionConfigurationPlatforms) = preSolution
		Debug|Any CPU = Debug|Any CPU
		Release|Any CPU = Release|Any CPU
	EndGlobalSection
	GlobalSection(ProjectConfigurationPlatforms) = postSolution
		{5B587B71-C095-4AE6-8D93-93735D7121FE}.Debug|Any CPU.ActiveCfg = Debug|Any CPU
		{5B587B71-C095-4AE6-8D93-93735D7121FE}.Debug|Any CPU.Build.0 = Debug|Any CPU
		{5B587B71-C095-4AE6-8D93-93735D7121FE}.Release|Any CPU.ActiveCfg = Release|Any CPU
		{5B587B71-C095-4AE6-8D93-93735D7121FE}.Release|Any CPU.Build.0 = Release|Any CPU
		{AB64CB07-372C-48FB-A934-BF82A7C26F25}.Debug|Any CPU.ActiveCfg = Debug|Any CPU
		{AB64CB07-372C-48FB-A934-BF82A7C26F25}.Debug|Any CPU.Build.0 = Debug|Any CPU
		{AB64CB07-372C-48FB-A934-BF82A7C26F25}.Release|Any CPU.ActiveCfg = Release|Any CPU
		{AB64CB07-372C-48FB-A934-BF82A7C26F25}.Release|Any CPU.Build.0 = Release|Any CPU
	EndGlobalSection
	GlobalSection(SolutionProperties) = preSolution
		HideSolutionNode = FALSE
	EndGlobalSection
	GlobalSection(ExtensibilityGlobals) = postSolution
		SolutionGuid = {6193D201-493A-4B26-88D3-715AF68896C5}
	EndGlobalSection
EndGlobal
